{
    "_readme": [
        "This file locks the dependencies of your project to a known state",
        "Read more about it at https://getcomposer.org/doc/01-basic-usage.md#composer-lock-the-lock-file",
        "This file is @generated automatically"
    ],
    "hash": "c944ee5a48b9d8d751afb73f8427d954",
    "content-hash": "b31b95ac858b17dda88987551bb35aa8",
    "packages": [
        {
            "name": "joshtronic/php-googleplaces",
            "version": "dev-master",
            "source": {
                "type": "git",
                "url": "https://github.com/joshtronic/php-googleplaces.git",
                "reference": "c72e2b06e1a2dcf7fa6d9b34fbe2d72edc68b012"
            },
            "dist": {
                "type": "zip",
                "url": "https://api.github.com/repos/joshtronic/php-googleplaces/zipball/c72e2b06e1a2dcf7fa6d9b34fbe2d72edc68b012",
                "reference": "c72e2b06e1a2dcf7fa6d9b34fbe2d72edc68b012",
                "shasum": ""
            },
            "require": {
                "php": ">=5.3.0"
            },
            "require-dev": {
                "satooshi/php-coveralls": "dev-master"
            },
            "type": "library",
            "autoload": {
                "psr-4": {
                    "joshtronic\\": "src/"
                }
            },
            "notification-url": "https://packagist.org/downloads/",
            "license": [
                "MIT"
            ],
            "authors": [
                {
                    "name": "Josh Sherman",
                    "email": "josh@gravityblvd.com",
                    "homepage": "http://joshtronic.com"
                }
            ],
            "description": "PHP Wrapper for the Google Places API",
            "homepage": "https://github.com/joshtronic/php-googleplaces",
            "keywords": [
                "api",
                "google",
                "places"
            ],
            "time": "2014-09-20 19:38:53"
        }
    ],
    "packages-dev": [],
    "aliases": [],
    "minimum-stability": "stable",
    "stability-flags": {
        "joshtronic/php-googleplaces": 20
    },
    "prefer-stable": false,
    "prefer-lowest": false,
    "platform": [],
    "platform-dev": []
}
